{
  "requires": true,
  "lockfileVersion": 1,
  "dependencies": {
    "font-awesome-animation": {
      "version": "0.2.1",
      "resolved": "https://registry.npmjs.org/font-awesome-animation/-/font-awesome-animation-0.2.1.tgz",
      "integrity": "sha512-kOLT6yuQG06xRrjLoI1cCVrmMyREnKIk7TCkdRd4nQtHnSue4pRxvyTKN3SVV4Zs/pasfMxd296a11u7uSBI3A=="
    },
    "normalize.css": {
      "version": "8.0.1",
      "resolved": "https://registry.npmjs.org/normalize.css/-/normalize.css-8.0.1.tgz",
      "integrity": "sha512-qizSNPO93t1YUuUhP22btGOo3chcvDFqFaj2TRybP0DMxkHOCTYwp3n34fel4a31ORXy4m1Xq0Gyqpb5m33qIg=="
    }
  }
}
